// !$*UTF8*$!
{
	archiveVersion = 1;
	classes = {
	};
	objectVersion = 56;
	objects = {

/* Begin PBXBuildFile section */
		78EB5B572CFDF2E600B7ECCC /* App879App.swift in Sources */ = {isa = PBXBuildFile; fileRef = 78EB5B562CFDF2E600B7ECCC /* App879App.swift */; };
		78EB5B592CFDF2E600B7ECCC /* ContentView.swift in Sources */ = {isa = PBXBuildFile; fileRef = 78EB5B582CFDF2E600B7ECCC /* ContentView.swift */; };
		78EB5B5B2CFDF2E800B7ECCC /* Assets.xcassets in Resources */ = {isa = PBXBuildFile; fileRef = 78EB5B5A2CFDF2E800B7ECCC /* Assets.xcassets */; };
		78EB5B5F2CFDF2E800B7ECCC /* Preview Assets.xcassets in Resources */ = {isa = PBXBuildFile; fileRef = 78EB5B5E2CFDF2E800B7ECCC /* Preview Assets.xcassets */; };
		78EB5B6F2CFDF34D00B7ECCC /* CoreDataStack.swift in Sources */ = {isa = PBXBuildFile; fileRef = 78EB5B6E2CFDF34D00B7ECCC /* CoreDataStack.swift */; };
		78EB5B712CFDF35500B7ECCC /* DateConvert.swift in Sources */ = {isa = PBXBuildFile; fileRef = 78EB5B702CFDF35500B7ECCC /* DateConvert.swift */; };
		78EB5B732CFDF35A00B7ECCC /* Array.swift in Sources */ = {isa = PBXBuildFile; fileRef = 78EB5B722CFDF35A00B7ECCC /* Array.swift */; };
		78EB5B762CFDF36200B7ECCC /* CoreModel.xcdatamodeld in Sources */ = {isa = PBXBuildFile; fileRef = 78EB5B742CFDF36200B7ECCC /* CoreModel.xcdatamodeld */; };
		78EB5B7D2CFDF3BB00B7ECCC /* R1.swift in Sources */ = {isa = PBXBuildFile; fileRef = 78EB5B7C2CFDF3BA00B7ECCC /* R1.swift */; };
		78EB5B7F2CFDF3BF00B7ECCC /* R2.swift in Sources */ = {isa = PBXBuildFile; fileRef = 78EB5B7E2CFDF3BF00B7ECCC /* R2.swift */; };
		78EB5B812CFDF3C500B7ECCC /* R3.swift in Sources */ = {isa = PBXBuildFile; fileRef = 78EB5B802CFDF3C500B7ECCC /* R3.swift */; };
		78EB5B832CFDF3CA00B7ECCC /* U1.swift in Sources */ = {isa = PBXBuildFile; fileRef = 78EB5B822CFDF3CA00B7ECCC /* U1.swift */; };
		78EB5B852CFDF3D000B7ECCC /* Reviews.swift in Sources */ = {isa = PBXBuildFile; fileRef = 78EB5B842CFDF3D000B7ECCC /* Reviews.swift */; };
		78EB5B872CFDF3D500B7ECCC /* Not.swift in Sources */ = {isa = PBXBuildFile; fileRef = 78EB5B862CFDF3D500B7ECCC /* Not.swift */; };
		78EB5B892CFDF3E000B7ECCC /* Launch Screen.storyboard in Resources */ = {isa = PBXBuildFile; fileRef = 78EB5B882CFDF3E000B7ECCC /* Launch Screen.storyboard */; };
		78EB5B8C2CFDF3F900B7ECCC /* LoadingView.swift in Sources */ = {isa = PBXBuildFile; fileRef = 78EB5B8B2CFDF3F900B7ECCC /* LoadingView.swift */; };
		78EB5B912D0076C400B7ECCC /* StatisticView.swift in Sources */ = {isa = PBXBuildFile; fileRef = 78EB5B902D0076C400B7ECCC /* StatisticView.swift */; };
		78EB5B932D0076E500B7ECCC /* StatisticViewModel.swift in Sources */ = {isa = PBXBuildFile; fileRef = 78EB5B922D0076E500B7ECCC /* StatisticViewModel.swift */; };
		78EB5B952D0076EE00B7ECCC /* MatchView.swift in Sources */ = {isa = PBXBuildFile; fileRef = 78EB5B942D0076EE00B7ECCC /* MatchView.swift */; };
		78EB5B972D0076FD00B7ECCC /* MatchViewModel.swift in Sources */ = {isa = PBXBuildFile; fileRef = 78EB5B962D0076FD00B7ECCC /* MatchViewModel.swift */; };
		78EB5B992D00770400B7ECCC /* ProfileView.swift in Sources */ = {isa = PBXBuildFile; fileRef = 78EB5B982D00770400B7ECCC /* ProfileView.swift */; };
		78EB5B9B2D00770A00B7ECCC /* TabBar.swift in Sources */ = {isa = PBXBuildFile; fileRef = 78EB5B9A2D00770A00B7ECCC /* TabBar.swift */; };
		78EB5B9D2D00772500B7ECCC /* ProfileViewModel.swift in Sources */ = {isa = PBXBuildFile; fileRef = 78EB5B9C2D00772500B7ECCC /* ProfileViewModel.swift */; };
		78EB5BA02D00A6B300B7ECCC /* AddProfile.swift in Sources */ = {isa = PBXBuildFile; fileRef = 78EB5B9F2D00A6B300B7ECCC /* AddProfile.swift */; };
		78EB5BA62D01FC1200B7ECCC /* AddMatch.swift in Sources */ = {isa = PBXBuildFile; fileRef = 78EB5BA52D01FC1200B7ECCC /* AddMatch.swift */; };
		78EB5BA92D021AB200B7ECCC /* MatchDetail.swift in Sources */ = {isa = PBXBuildFile; fileRef = 78EB5BA82D021AB200B7ECCC /* MatchDetail.swift */; };
		78F027BB2D148AA300DFADF7 /* Dnwrt.swift in Sources */ = {isa = PBXBuildFile; fileRef = 78F027BA2D148AA300DFADF7 /* Dnwrt.swift */; };
		78F027BD2D148AAF00DFADF7 /* Souka.swift in Sources */ = {isa = PBXBuildFile; fileRef = 78F027BC2D148AAF00DFADF7 /* Souka.swift */; };
		78F027BF2D148ABC00DFADF7 /* Wenersi.swift in Sources */ = {isa = PBXBuildFile; fileRef = 78F027BE2D148ABC00DFADF7 /* Wenersi.swift */; };
/* End PBXBuildFile section */

/* Begin PBXFileReference section */
		78EB5B532CFDF2E600B7ECCC /* App879.app */ = {isa = PBXFileReference; explicitFileType = wrapper.application; includeInIndex = 0; path = App879.app; sourceTree = BUILT_PRODUCTS_DIR; };
		78EB5B562CFDF2E600B7ECCC /* App879App.swift */ = {isa = PBXFileReference; lastKnownFileType = sourcecode.swift; path = App879App.swift; sourceTree = "<group>"; };
		78EB5B582CFDF2E600B7ECCC /* ContentView.swift */ = {isa = PBXFileReference; lastKnownFileType = sourcecode.swift; path = ContentView.swift; sourceTree = "<group>"; };
		78EB5B5A2CFDF2E800B7ECCC /* Assets.xcassets */ = {isa = PBXFileReference; lastKnownFileType = folder.assetcatalog; path = Assets.xcassets; sourceTree = "<group>"; };
		78EB5B5C2CFDF2E800B7ECCC /* App879.entitlements */ = {isa = PBXFileReference; lastKnownFileType = text.plist.entitlements; path = App879.entitlements; sourceTree = "<group>"; };
		78EB5B5E2CFDF2E800B7ECCC /* Preview Assets.xcassets */ = {isa = PBXFileReference; lastKnownFileType = folder.assetcatalog; path = "Preview Assets.xcassets"; sourceTree = "<group>"; };
		78EB5B6E2CFDF34D00B7ECCC /* CoreDataStack.swift */ = {isa = PBXFileReference; lastKnownFileType = sourcecode.swift; path = CoreDataStack.swift; sourceTree = "<group>"; };
		78EB5B702CFDF35500B7ECCC /* DateConvert.swift */ = {isa = PBXFileReference; lastKnownFileType = sourcecode.swift; path = DateConvert.swift; sourceTree = "<group>"; };
		78EB5B722CFDF35A00B7ECCC /* Array.swift */ = {isa = PBXFileReference; lastKnownFileType = sourcecode.swift; path = Array.swift; sourceTree = "<group>"; };
		78EB5B752CFDF36200B7ECCC /* CoreModel.xcdatamodel */ = {isa = PBXFileReference; lastKnownFileType = wrapper.xcdatamodel; path = CoreModel.xcdatamodel; sourceTree = "<group>"; };
		78EB5B7C2CFDF3BA00B7ECCC /* R1.swift */ = {isa = PBXFileReference; lastKnownFileType = sourcecode.swift; path = R1.swift; sourceTree = "<group>"; };
		78EB5B7E2CFDF3BF00B7ECCC /* R2.swift */ = {isa = PBXFileReference; lastKnownFileType = sourcecode.swift; path = R2.swift; sourceTree = "<group>"; };
		78EB5B802CFDF3C500B7ECCC /* R3.swift */ = {isa = PBXFileReference; lastKnownFileType = sourcecode.swift; path = R3.swift; sourceTree = "<group>"; };
		78EB5B822CFDF3CA00B7ECCC /* U1.swift */ = {isa = PBXFileReference; lastKnownFileType = sourcecode.swift; path = U1.swift; sourceTree = "<group>"; };
		78EB5B842CFDF3D000B7ECCC /* Reviews.swift */ = {isa = PBXFileReference; lastKnownFileType = sourcecode.swift; path = Reviews.swift; sourceTree = "<group>"; };
		78EB5B862CFDF3D500B7ECCC /* Not.swift */ = {isa = PBXFileReference; lastKnownFileType = sourcecode.swift; path = Not.swift; sourceTree = "<group>"; };
		78EB5B882CFDF3E000B7ECCC /* Launch Screen.storyboard */ = {isa = PBXFileReference; lastKnownFileType = file.storyboard; path = "Launch Screen.storyboard"; sourceTree = "<group>"; };
		78EB5B8B2CFDF3F900B7ECCC /* LoadingView.swift */ = {isa = PBXFileReference; lastKnownFileType = sourcecode.swift; path = LoadingView.swift; sourceTree = "<group>"; };
		78EB5B902D0076C400B7ECCC /* StatisticView.swift */ = {isa = PBXFileReference; lastKnownFileType = sourcecode.swift; path = StatisticView.swift; sourceTree = "<group>"; };
		78EB5B922D0076E500B7ECCC /* StatisticViewModel.swift */ = {isa = PBXFileReference; lastKnownFileType = sourcecode.swift; path = StatisticViewModel.swift; sourceTree = "<group>"; };
		78EB5B942D0076EE00B7ECCC /* MatchView.swift */ = {isa = PBXFileReference; lastKnownFileType = sourcecode.swift; path = MatchView.swift; sourceTree = "<group>"; };
		78EB5B962D0076FD00B7ECCC /* MatchViewModel.swift */ = {isa = PBXFileReference; lastKnownFileType = sourcecode.swift; path = MatchViewModel.swift; sourceTree = "<group>"; };
		78EB5B982D00770400B7ECCC /* ProfileView.swift */ = {isa = PBXFileReference; lastKnownFileType = sourcecode.swift; path = ProfileView.swift; sourceTree = "<group>"; };
		78EB5B9A2D00770A00B7ECCC /* TabBar.swift */ = {isa = PBXFileReference; lastKnownFileType = sourcecode.swift; path = TabBar.swift; sourceTree = "<group>"; };
		78EB5B9C2D00772500B7ECCC /* ProfileViewModel.swift */ = {isa = PBXFileReference; lastKnownFileType = sourcecode.swift; path = ProfileViewModel.swift; sourceTree = "<group>"; };
		78EB5B9F2D00A6B300B7ECCC /* AddProfile.swift */ = {isa = PBXFileReference; lastKnownFileType = sourcecode.swift; path = AddProfile.swift; sourceTree = "<group>"; };
		78EB5BA52D01FC1200B7ECCC /* AddMatch.swift */ = {isa = PBXFileReference; lastKnownFileType = sourcecode.swift; path = AddMatch.swift; sourceTree = "<group>"; };
		78EB5BA82D021AB200B7ECCC /* MatchDetail.swift */ = {isa = PBXFileReference; lastKnownFileType = sourcecode.swift; path = MatchDetail.swift; sourceTree = "<group>"; };
		78F027BA2D148AA300DFADF7 /* Dnwrt.swift */ = {isa = PBXFileReference; lastKnownFileType = sourcecode.swift; path = Dnwrt.swift; sourceTree = "<group>"; };
		78F027BC2D148AAF00DFADF7 /* Souka.swift */ = {isa = PBXFileReference; lastKnownFileType = sourcecode.swift; path = Souka.swift; sourceTree = "<group>"; };
		78F027BE2D148ABC00DFADF7 /* Wenersi.swift */ = {isa = PBXFileReference; lastKnownFileType = sourcecode.swift; path = Wenersi.swift; sourceTree = "<group>"; };
/* End PBXFileReference section */

/* Begin PBXFrameworksBuildPhase section */
		78EB5B502CFDF2E600B7ECCC /* Frameworks */ = {
			isa = PBXFrameworksBuildPhase;
			buildActionMask = 2147483647;
			files = (
			);
			runOnlyForDeploymentPostprocessing = 0;
		};
/* End PBXFrameworksBuildPhase section */

/* Begin PBXGroup section */
		78EB5B4A2CFDF2E600B7ECCC = {
			isa = PBXGroup;
			children = (
				78EB5B552CFDF2E600B7ECCC /* App879 */,
				78EB5B542CFDF2E600B7ECCC /* Products */,
			);
			sourceTree = "<group>";
		};
		78EB5B542CFDF2E600B7ECCC /* Products */ = {
			isa = PBXGroup;
			children = (
				78EB5B532CFDF2E600B7ECCC /* App879.app */,
			);
			name = Products;
			sourceTree = "<group>";
		};
		78EB5B552CFDF2E600B7ECCC /* App879 */ = {
			isa = PBXGroup;
			children = (
				78EB5B652CFDF31500B7ECCC /* All */,
				78EB5B562CFDF2E600B7ECCC /* App879App.swift */,
				78EB5B582CFDF2E600B7ECCC /* ContentView.swift */,
				78EB5B5A2CFDF2E800B7ECCC /* Assets.xcassets */,
				78EB5B5C2CFDF2E800B7ECCC /* App879.entitlements */,
				78EB5B5D2CFDF2E800B7ECCC /* Preview Content */,
			);
			path = App879;
			sourceTree = "<group>";
		};
		78EB5B5D2CFDF2E800B7ECCC /* Preview Content */ = {
			isa = PBXGroup;
			children = (
				78EB5B5E2CFDF2E800B7ECCC /* Preview Assets.xcassets */,
			);
			path = "Preview Content";
			sourceTree = "<group>";
		};
		78EB5B652CFDF31500B7ECCC /* All */ = {
			isa = PBXGroup;
			children = (
				78EB5B692CFDF32B00B7ECCC /* Views */,
				78EB5B682CFDF32600B7ECCC /* TabBar */,
				78EB5B672CFDF32000B7ECCC /* Extensions */,
				78EB5B662CFDF31900B7ECCC /* Start */,
			);
			path = All;
			sourceTree = "<group>";
		};
		78EB5B662CFDF31900B7ECCC /* Start */ = {
			isa = PBXGroup;
			children = (
				78EB5B8A2CFDF3E700B7ECCC /* Loading */,
				78EB5B7B2CFDF3B100B7ECCC /* R */,
				78EB5B7A2CFDF3AD00B7ECCC /* U */,
				78EB5B772CFDF36700B7ECCC /* Launch */,
			);
			path = Start;
			sourceTree = "<group>";
		};
		78EB5B672CFDF32000B7ECCC /* Extensions */ = {
			isa = PBXGroup;
			children = (
				78EB5B6E2CFDF34D00B7ECCC /* CoreDataStack.swift */,
				78EB5B702CFDF35500B7ECCC /* DateConvert.swift */,
				78EB5B722CFDF35A00B7ECCC /* Array.swift */,
				78EB5B742CFDF36200B7ECCC /* CoreModel.xcdatamodeld */,
				78F027BA2D148AA300DFADF7 /* Dnwrt.swift */,
				78F027BC2D148AAF00DFADF7 /* Souka.swift */,
				78F027BE2D148ABC00DFADF7 /* Wenersi.swift */,
			);
			path = Extensions;
			sourceTree = "<group>";
		};
		78EB5B682CFDF32600B7ECCC /* TabBar */ = {
			isa = PBXGroup;
			children = (
				78EB5B9A2D00770A00B7ECCC /* TabBar.swift */,
			);
			path = TabBar;
			sourceTree = "<group>";
		};
		78EB5B692CFDF32B00B7ECCC /* Views */ = {
			isa = PBXGroup;
			children = (
				78EB5B8F2CFE525500B7ECCC /* Statistic */,
				78EB5B8E2CFE525000B7ECCC /* Match */,
				78EB5B8D2CFE521600B7ECCC /* Profile */,
			);
			path = Views;
			sourceTree = "<group>";
		};
		78EB5B772CFDF36700B7ECCC /* Launch */ = {
			isa = PBXGroup;
			children = (
				78EB5B882CFDF3E000B7ECCC /* Launch Screen.storyboard */,
			);
			path = Launch;
			sourceTree = "<group>";
		};
		78EB5B7A2CFDF3AD00B7ECCC /* U */ = {
			isa = PBXGroup;
			children = (
				78EB5B822CFDF3CA00B7ECCC /* U1.swift */,
				78EB5B842CFDF3D000B7ECCC /* Reviews.swift */,
				78EB5B862CFDF3D500B7ECCC /* Not.swift */,
			);
			path = U;
			sourceTree = "<group>";
		};
		78EB5B7B2CFDF3B100B7ECCC /* R */ = {
			isa = PBXGroup;
			children = (
				78EB5B7C2CFDF3BA00B7ECCC /* R1.swift */,
				78EB5B7E2CFDF3BF00B7ECCC /* R2.swift */,
				78EB5B802CFDF3C500B7ECCC /* R3.swift */,
			);
			path = R;
			sourceTree = "<group>";
		};
		78EB5B8A2CFDF3E700B7ECCC /* Loading */ = {
			isa = PBXGroup;
			children = (
				78EB5B8B2CFDF3F900B7ECCC /* LoadingView.swift */,
			);
			path = Loading;
			sourceTree = "<group>";
		};
		78EB5B8D2CFE521600B7ECCC /* Profile */ = {
			isa = PBXGroup;
			children = (
				78EB5B9E2D00A6A600B7ECCC /* AddProfile */,
				78EB5B982D00770400B7ECCC /* ProfileView.swift */,
				78EB5B9C2D00772500B7ECCC /* ProfileViewModel.swift */,
			);
			path = Profile;
			sourceTree = "<group>";
		};
		78EB5B8E2CFE525000B7ECCC /* Match */ = {
			isa = PBXGroup;
			children = (
				78EB5BA72D021AA800B7ECCC /* MatchDetail */,
				78EB5BA42D01FC0A00B7ECCC /* AddMatch */,
				78EB5B942D0076EE00B7ECCC /* MatchView.swift */,
				78EB5B962D0076FD00B7ECCC /* MatchViewModel.swift */,
			);
			path = Match;
			sourceTree = "<group>";
		};
		78EB5B8F2CFE525500B7ECCC /* Statistic */ = {
			isa = PBXGroup;
			children = (
				78EB5B902D0076C400B7ECCC /* StatisticView.swift */,
				78EB5B922D0076E500B7ECCC /* StatisticViewModel.swift */,
			);
			path = Statistic;
			sourceTree = "<group>";
		};
		78EB5B9E2D00A6A600B7ECCC /* AddProfile */ = {
			isa = PBXGroup;
			children = (
				78EB5B9F2D00A6B300B7ECCC /* AddProfile.swift */,
			);
			path = AddProfile;
			sourceTree = "<group>";
		};
		78EB5BA42D01FC0A00B7ECCC /* AddMatch */ = {
			isa = PBXGroup;
			children = (
				78EB5BA52D01FC1200B7ECCC /* AddMatch.swift */,
			);
			path = AddMatch;
			sourceTree = "<group>";
		};
		78EB5BA72D021AA800B7ECCC /* MatchDetail */ = {
			isa = PBXGroup;
			children = (
				78EB5BA82D021AB200B7ECCC /* MatchDetail.swift */,
			);
			path = MatchDetail;
			sourceTree = "<group>";
		};
/* End PBXGroup section */

/* Begin PBXNativeTarget section */
		78EB5B522CFDF2E600B7ECCC /* App879 */ = {
			isa = PBXNativeTarget;
			buildConfigurationList = 78EB5B622CFDF2E800B7ECCC /* Build configuration list for PBXNativeTarget "App879" */;
			buildPhases = (
				78EB5B4F2CFDF2E600B7ECCC /* Sources */,
				78EB5B502CFDF2E600B7ECCC /* Frameworks */,
				78EB5B512CFDF2E600B7ECCC /* Resources */,
			);
			buildRules = (
			);
			dependencies = (
			);
			name = App879;
			productName = App879;
			productReference = 78EB5B532CFDF2E600B7ECCC /* App879.app */;
			productType = "com.apple.product-type.application";
		};
/* End PBXNativeTarget section */

/* Begin PBXProject section */
		78EB5B4B2CFDF2E600B7ECCC /* Project object */ = {
			isa = PBXProject;
			attributes = {
				BuildIndependentTargetsInParallel = 1;
				LastSwiftUpdateCheck = 1540;
				LastUpgradeCheck = 1540;
				TargetAttributes = {
					78EB5B522CFDF2E600B7ECCC = {
						CreatedOnToolsVersion = 15.4;
					};
				};
			};
			buildConfigurationList = 78EB5B4E2CFDF2E600B7ECCC /* Build configuration list for PBXProject "App879" */;
			compatibilityVersion = "Xcode 14.0";
			developmentRegion = en;
			hasScannedForEncodings = 0;
			knownRegions = (
				en,
				Base,
			);
			mainGroup = 78EB5B4A2CFDF2E600B7ECCC;
			productRefGroup = 78EB5B542CFDF2E600B7ECCC /* Products */;
			projectDirPath = "";
			projectRoot = "";
			targets = (
				78EB5B522CFDF2E600B7ECCC /* App879 */,
			);
		};
/* End PBXProject section */

/* Begin PBXResourcesBuildPhase section */
		78EB5B512CFDF2E600B7ECCC /* Resources */ = {
			isa = PBXResourcesBuildPhase;
			buildActionMask = 2147483647;
			files = (
				78EB5B892CFDF3E000B7ECCC /* Launch Screen.storyboard in Resources */,
				78EB5B5F2CFDF2E800B7ECCC /* Preview Assets.xcassets in Resources */,
				78EB5B5B2CFDF2E800B7ECCC /* Assets.xcassets in Resources */,
			);
			runOnlyForDeploymentPostprocessing = 0;
		};
/* End PBXResourcesBuildPhase section */

/* Begin PBXSourcesBuildPhase section */
		78EB5B4F2CFDF2E600B7ECCC /* Sources */ = {
			isa = PBXSourcesBuildPhase;
			buildActionMask = 2147483647;
			files = (
				78EB5B6F2CFDF34D00B7ECCC /* CoreDataStack.swift in Sources */,
				78EB5B732CFDF35A00B7ECCC /* Array.swift in Sources */,
				78EB5BA92D021AB200B7ECCC /* MatchDetail.swift in Sources */,
				78EB5B9B2D00770A00B7ECCC /* TabBar.swift in Sources */,
				78EB5B952D0076EE00B7ECCC /* MatchView.swift in Sources */,
				78EB5B7F2CFDF3BF00B7ECCC /* R2.swift in Sources */,
				78EB5B592CFDF2E600B7ECCC /* ContentView.swift in Sources */,
				78EB5B832CFDF3CA00B7ECCC /* U1.swift in Sources */,
				78EB5B572CFDF2E600B7ECCC /* App879App.swift in Sources */,
				78EB5B762CFDF36200B7ECCC /* CoreModel.xcdatamodeld in Sources */,
				78EB5B912D0076C400B7ECCC /* StatisticView.swift in Sources */,
				78EB5B972D0076FD00B7ECCC /* MatchViewModel.swift in Sources */,
				78EB5B992D00770400B7ECCC /* ProfileView.swift in Sources */,
				78EB5B7D2CFDF3BB00B7ECCC /* R1.swift in Sources */,
				78EB5B932D0076E500B7ECCC /* StatisticViewModel.swift in Sources */,
				78EB5B9D2D00772500B7ECCC /* ProfileViewModel.swift in Sources */,
				78EB5B852CFDF3D000B7ECCC /* Reviews.swift in Sources */,
				78EB5B812CFDF3C500B7ECCC /* R3.swift in Sources */,
				78F027BD2D148AAF00DFADF7 /* Souka.swift in Sources */,
				78F027BF2D148ABC00DFADF7 /* Wenersi.swift in Sources */,
				78EB5B872CFDF3D500B7ECCC /* Not.swift in Sources */,
				78EB5B8C2CFDF3F900B7ECCC /* LoadingView.swift in Sources */,
				78EB5BA62D01FC1200B7ECCC /* AddMatch.swift in Sources */,
				78F027BB2D148AA300DFADF7 /* Dnwrt.swift in Sources */,
				78EB5B712CFDF35500B7ECCC /* DateConvert.swift in Sources */,
				78EB5BA02D00A6B300B7ECCC /* AddProfile.swift in Sources */,
			);
			runOnlyForDeploymentPostprocessing = 0;
		};
/* End PBXSourcesBuildPhase section */

/* Begin XCBuildConfiguration section */
		78EB5B602CFDF2E800B7ECCC /* Debug */ = {
			isa = XCBuildConfiguration;
			buildSettings = {
				ALWAYS_SEARCH_USER_PATHS = NO;
				ASSETCATALOG_COMPILER_GENERATE_SWIFT_ASSET_SYMBOL_EXTENSIONS = YES;
				CLANG_ANALYZER_NONNULL = YES;
				CLANG_ANALYZER_NUMBER_OBJECT_CONVERSION = YES_AGGRESSIVE;
				CLANG_CXX_LANGUAGE_STANDARD = "gnu++20";
				CLANG_ENABLE_MODULES = YES;
				CLANG_ENABLE_OBJC_ARC = YES;
				CLANG_ENABLE_OBJC_WEAK = YES;
				CLANG_WARN_BLOCK_CAPTURE_AUTORELEASING = YES;
				CLANG_WARN_BOOL_CONVERSION = YES;
				CLANG_WARN_COMMA = YES;
				CLANG_WARN_CONSTANT_CONVERSION = YES;
				CLANG_WARN_DEPRECATED_OBJC_IMPLEMENTATIONS = YES;
				CLANG_WARN_DIRECT_OBJC_ISA_USAGE = YES_ERROR;
				CLANG_WARN_DOCUMENTATION_COMMENTS = YES;
				CLANG_WARN_EMPTY_BODY = YES;
				CLANG_WARN_ENUM_CONVERSION = YES;
				CLANG_WARN_INFINITE_RECURSION = YES;
				CLANG_WARN_INT_CONVERSION = YES;
				CLANG_WARN_NON_LITERAL_NULL_CONVERSION = YES;
				CLANG_WARN_OBJC_IMPLICIT_RETAIN_SELF = YES;
				CLANG_WARN_OBJC_LITERAL_CONVERSION = YES;
				CLANG_WARN_OBJC_ROOT_CLASS = YES_ERROR;
				CLANG_WARN_QUOTED_INCLUDE_IN_FRAMEWORK_HEADER = YES;
				CLANG_WARN_RANGE_LOOP_ANALYSIS = YES;
				CLANG_WARN_STRICT_PROTOTYPES = YES;
				CLANG_WARN_SUSPICIOUS_MOVE = YES;
				CLANG_WARN_UNGUARDED_AVAILABILITY = YES_AGGRESSIVE;
				CLANG_WARN_UNREACHABLE_CODE = YES;
				CLANG_WARN__DUPLICATE_METHOD_MATCH = YES;
				COPY_PHASE_STRIP = NO;
				DEBUG_INFORMATION_FORMAT = dwarf;
				ENABLE_STRICT_OBJC_MSGSEND = YES;
				ENABLE_TESTABILITY = YES;
				ENABLE_USER_SCRIPT_SANDBOXING = YES;
				GCC_C_LANGUAGE_STANDARD = gnu17;
				GCC_DYNAMIC_NO_PIC = NO;
				GCC_NO_COMMON_BLOCKS = YES;
				GCC_OPTIMIZATION_LEVEL = 0;
				GCC_PREPROCESSOR_DEFINITIONS = (
					"DEBUG=1",
					"$(inherited)",
				);
				GCC_WARN_64_TO_32_BIT_CONVERSION = YES;
				GCC_WARN_ABOUT_RETURN_TYPE = YES_ERROR;
				GCC_WARN_UNDECLARED_SELECTOR = YES;
				GCC_WARN_UNINITIALIZED_AUTOS = YES_AGGRESSIVE;
				GCC_WARN_UNUSED_FUNCTION = YES;
				GCC_WARN_UNUSED_VARIABLE = YES;
				LOCALIZATION_PREFERS_STRING_CATALOGS = YES;
				MTL_ENABLE_DEBUG_INFO = INCLUDE_SOURCE;
				MTL_FAST_MATH = YES;
				ONLY_ACTIVE_ARCH = YES;
				SWIFT_ACTIVE_COMPILATION_CONDITIONS = "DEBUG $(inherited)";
				SWIFT_OPTIMIZATION_LEVEL = "-Onone";
			};
			name = Debug;
		};
		78EB5B612CFDF2E800B7ECCC /* Release */ = {
			isa = XCBuildConfiguration;
			buildSettings = {
				ALWAYS_SEARCH_USER_PATHS = NO;
				ASSETCATALOG_COMPILER_GENERATE_SWIFT_ASSET_SYMBOL_EXTENSIONS = YES;
				CLANG_ANALYZER_NONNULL = YES;
				CLANG_ANALYZER_NUMBER_OBJECT_CONVERSION = YES_AGGRESSIVE;
				CLANG_CXX_LANGUAGE_STANDARD = "gnu++20";
				CLANG_ENABLE_MODULES = YES;
				CLANG_ENABLE_OBJC_ARC = YES;
				CLANG_ENABLE_OBJC_WEAK = YES;
				CLANG_WARN_BLOCK_CAPTURE_AUTORELEASING = YES;
				CLANG_WARN_BOOL_CONVERSION = YES;
				CLANG_WARN_COMMA = YES;
				CLANG_WARN_CONSTANT_CONVERSION = YES;
				CLANG_WARN_DEPRECATED_OBJC_IMPLEMENTATIONS = YES;
				CLANG_WARN_DIRECT_OBJC_ISA_USAGE = YES_ERROR;
				CLANG_WARN_DOCUMENTATION_COMMENTS = YES;
				CLANG_WARN_EMPTY_BODY = YES;
				CLANG_WARN_ENUM_CONVERSION = YES;
				CLANG_WARN_INFINITE_RECURSION = YES;
				CLANG_WARN_INT_CONVERSION = YES;
				CLANG_WARN_NON_LITERAL_NULL_CONVERSION = YES;
				CLANG_WARN_OBJC_IMPLICIT_RETAIN_SELF = YES;
				CLANG_WARN_OBJC_LITERAL_CONVERSION = YES;
				CLANG_WARN_OBJC_ROOT_CLASS = YES_ERROR;
				CLANG_WARN_QUOTED_INCLUDE_IN_FRAMEWORK_HEADER = YES;
				CLANG_WARN_RANGE_LOOP_ANALYSIS = YES;
				CLANG_WARN_STRICT_PROTOTYPES = YES;
				CLANG_WARN_SUSPICIOUS_MOVE = YES;
				CLANG_WARN_UNGUARDED_AVAILABILITY = YES_AGGRESSIVE;
				CLANG_WARN_UNREACHABLE_CODE = YES;
				CLANG_WARN__DUPLICATE_METHOD_MATCH = YES;
				COPY_PHASE_STRIP = NO;
				DEBUG_INFORMATION_FORMAT = "dwarf-with-dsym";
				ENABLE_NS_ASSERTIONS = NO;
				ENABLE_STRICT_OBJC_MSGSEND = YES;
				ENABLE_USER_SCRIPT_SANDBOXING = YES;
				GCC_C_LANGUAGE_STANDARD = gnu17;
				GCC_NO_COMMON_BLOCKS = YES;
				GCC_WARN_64_TO_32_BIT_CONVERSION = YES;
				GCC_WARN_ABOUT_RETURN_TYPE = YES_ERROR;
				GCC_WARN_UNDECLARED_SELECTOR = YES;
				GCC_WARN_UNINITIALIZED_AUTOS = YES_AGGRESSIVE;
				GCC_WARN_UNUSED_FUNCTION = YES;
				GCC_WARN_UNUSED_VARIABLE = YES;
				LOCALIZATION_PREFERS_STRING_CATALOGS = YES;
				MTL_ENABLE_DEBUG_INFO = NO;
				MTL_FAST_MATH = YES;
				SWIFT_COMPILATION_MODE = wholemodule;
			};
			name = Release;
		};
		78EB5B632CFDF2E800B7ECCC /* Debug */ = {
			isa = XCBuildConfiguration;
			buildSettings = {
				ASSETCATALOG_COMPILER_APPICON_NAME = AppIcon;
				ASSETCATALOG_COMPILER_GLOBAL_ACCENT_COLOR_NAME = AccentColor;
				CODE_SIGN_ENTITLEMENTS = App879/App879.entitlements;
				CODE_SIGN_STYLE = Automatic;
				CURRENT_PROJECT_VERSION = 1;
				DEVELOPMENT_ASSET_PATHS = "\"App879/Preview Content\"";
				ENABLE_PREVIEWS = YES;
				GENERATE_INFOPLIST_FILE = YES;
				INFOPLIST_KEY_CFBundleDisplayName = "Stak D2";
				"INFOPLIST_KEY_UIApplicationSceneManifest_Generation[sdk=iphoneos*]" = YES;
				"INFOPLIST_KEY_UIApplicationSceneManifest_Generation[sdk=iphonesimulator*]" = YES;
				"INFOPLIST_KEY_UIApplicationSupportsIndirectInputEvents[sdk=iphoneos*]" = YES;
				"INFOPLIST_KEY_UIApplicationSupportsIndirectInputEvents[sdk=iphonesimulator*]" = YES;
				"INFOPLIST_KEY_UILaunchScreen_Generation[sdk=iphoneos*]" = YES;
				"INFOPLIST_KEY_UILaunchScreen_Generation[sdk=iphonesimulator*]" = YES;
				INFOPLIST_KEY_UILaunchStoryboardName = "Launch Screen.storyboard";
				"INFOPLIST_KEY_UIStatusBarStyle[sdk=iphoneos*]" = UIStatusBarStyleDefault;
				"INFOPLIST_KEY_UIStatusBarStyle[sdk=iphonesimulator*]" = UIStatusBarStyleDefault;
				INFOPLIST_KEY_UISupportedInterfaceOrientations = UIInterfaceOrientationPortrait;
				INFOPLIST_KEY_UISupportedInterfaceOrientations_iPad = "UIInterfaceOrientationLandscapeLeft UIInterfaceOrientationLandscapeRight UIInterfaceOrientationPortrait UIInterfaceOrientationPortraitUpsideDown";
				IPHONEOS_DEPLOYMENT_TARGET = 14.0;
				LD_RUNPATH_SEARCH_PATHS = "@executable_path/Frameworks";
				"LD_RUNPATH_SEARCH_PATHS[sdk=macosx*]" = "@executable_path/../Frameworks";
				MACOSX_DEPLOYMENT_TARGET = 14.1;
				MARKETING_VERSION = 1.1;
				PRODUCT_BUNDLE_IDENTIFIER = IOI.App879;
				PRODUCT_NAME = "$(TARGET_NAME)";
				SDKROOT = auto;
				SUPPORTED_PLATFORMS = "iphoneos iphonesimulator";
				SUPPORTS_MACCATALYST = NO;
				SWIFT_EMIT_LOC_STRINGS = YES;
				SWIFT_VERSION = 5.0;
				TARGETED_DEVICE_FAMILY = 1;
			};
			name = Debug;
		};
		78EB5B642CFDF2E800B7ECCC /* Release */ = {
			isa = XCBuildConfiguration;
			buildSettings = {
				ASSETCATALOG_COMPILER_APPICON_NAME = AppIcon;
				ASSETCATALOG_COMPILER_GLOBAL_ACCENT_COLOR_NAME = AccentColor;
				CODE_SIGN_ENTITLEMENTS = App879/App879.entitlements;
				CODE_SIGN_STYLE = Automatic;
				CURRENT_PROJECT_VERSION = 1;
				DEVELOPMENT_ASSET_PATHS = "\"App879/Preview Content\"";
				ENABLE_PREVIEWS = YES;
				GENERATE_INFOPLIST_FILE = YES;
				INFOPLIST_KEY_CFBundleDisplayName = "Stak D2";
				"INFOPLIST_KEY_UIApplicationSceneManifest_Generation[sdk=iphoneos*]" = YES;
				"INFOPLIST_KEY_UIApplicationSceneManifest_Generation[sdk=iphonesimulator*]" = YES;
				"INFOPLIST_KEY_UIApplicationSupportsIndirectInputEvents[sdk=iphoneos*]" = YES;
				"INFOPLIST_KEY_UIApplicationSupportsIndirectInputEvents[sdk=iphonesimulator*]" = YES;
				"INFOPLIST_KEY_UILaunchScreen_Generation[sdk=iphoneos*]" = YES;
				"INFOPLIST_KEY_UILaunchScreen_Generation[sdk=iphonesimulator*]" = YES;
				INFOPLIST_KEY_UILaunchStoryboardName = "Launch Screen.storyboard";
				"INFOPLIST_KEY_UIStatusBarStyle[sdk=iphoneos*]" = UIStatusBarStyleDefault;
				"INFOPLIST_KEY_UIStatusBarStyle[sdk=iphonesimulator*]" = UIStatusBarStyleDefault;
				INFOPLIST_KEY_UISupportedInterfaceOrientations = UIInterfaceOrientationPortrait;
				INFOPLIST_KEY_UISupportedInterfaceOrientations_iPad = "UIInterfaceOrientationLandscapeLeft UIInterfaceOrientationLandscapeRight UIInterfaceOrientationPortrait UIInterfaceOrientationPortraitUpsideDown";
				IPHONEOS_DEPLOYMENT_TARGET = 14.0;
				LD_RUNPATH_SEARCH_PATHS = "@executable_path/Frameworks";
				"LD_RUNPATH_SEARCH_PATHS[sdk=macosx*]" = "@executable_path/../Frameworks";
				MACOSX_DEPLOYMENT_TARGET = 14.1;
				MARKETING_VERSION = 1.1;
				PRODUCT_BUNDLE_IDENTIFIER = IOI.App879;
				PRODUCT_NAME = "$(TARGET_NAME)";
				SDKROOT = auto;
				SUPPORTED_PLATFORMS = "iphoneos iphonesimulator";
				SUPPORTS_MACCATALYST = NO;
				SWIFT_EMIT_LOC_STRINGS = YES;
				SWIFT_VERSION = 5.0;
				TARGETED_DEVICE_FAMILY = 1;
			};
			name = Release;
		};
/* End XCBuildConfiguration section */

/* Begin XCConfigurationList section */
		78EB5B4E2CFDF2E600B7ECCC /* Build configuration list for PBXProject "App879" */ = {
			isa = XCConfigurationList;
			buildConfigurations = (
				78EB5B602CFDF2E800B7ECCC /* Debug */,
				78EB5B612CFDF2E800B7ECCC /* Release */,
			);
			defaultConfigurationIsVisible = 0;
			defaultConfigurationName = Release;
		};
		78EB5B622CFDF2E800B7ECCC /* Build configuration list for PBXNativeTarget "App879" */ = {
			isa = XCConfigurationList;
			buildConfigurations = (
				78EB5B632CFDF2E800B7ECCC /* Debug */,
				78EB5B642CFDF2E800B7ECCC /* Release */,
			);
			defaultConfigurationIsVisible = 0;
			defaultConfigurationName = Release;
		};
/* End XCConfigurationList section */

/* Begin XCVersionGroup section */
		78EB5B742CFDF36200B7ECCC /* CoreModel.xcdatamodeld */ = {
			isa = XCVersionGroup;
			children = (
				78EB5B752CFDF36200B7ECCC /* CoreModel.xcdatamodel */,
			);
			currentVersion = 78EB5B752CFDF36200B7ECCC /* CoreModel.xcdatamodel */;
			name = CoreModel.xcdatamodeld;
			path = /Users/igor/Documents/Applications/App879/App879/All/Extensions/CoreModel.xcdatamodeld;
			sourceTree = "<group>";
			versionGroupType = wrapper.xcdatamodel;
		};
/* End XCVersionGroup section */
	};
	rootObject = 78EB5B4B2CFDF2E600B7ECCC /* Project object */;
}
